
Microsoft Visual Studio Solution File, Format Version 12.00
# Visual Studio Version 16
VisualStudioVersion = 16.0.29009.5
MinimumVisualStudioVersion = 10.0.40219.1
Project("{FAE04EC0-301F-11D3-BF4B-00C04F79EFBC}") = "07_BuildingACalculator", "07_BuildingACalculator.csproj", "{174D310B-3415-45AE-A6D2-F8D89CEBD0C7}"
EndProject
Global
	GlobalSection(SolutionConfigurationPlatforms) = preSolution
		Debug|Any CPU = Debug|Any CPU
		Release|Any CPU = Release|Any CPU
	EndGlobalSection
	GlobalSection(ProjectConfigurationPlatforms) = postSolution
		{174D310B-3415-45AE-A6D2-F8D89CEBD0C7}.Debug|Any CPU.ActiveCfg = Debug|Any CPU
		{174D310B-3415-45AE-A6D2-F8D89CEBD0C7}.Debug|Any CPU.Build.0 = Debug|Any CPU
		{174D310B-3415-45AE-A6D2-F8D89CEBD0C7}.Release|Any CPU.ActiveCfg = Release|Any CPU
		{174D310B-3415-45AE-A6D2-F8D89CEBD0C7}.Release|Any CPU.Build.0 = Release|Any CPU
	EndGlobalSection
	GlobalSection(SolutionProperties) = preSolution
		HideSolutionNode = FALSE
	EndGlobalSection
	GlobalSection(ExtensibilityGlobals) = postSolution
		SolutionGuid = {8DBDEEC2-BE64-4249-AD91-7FEE5E9833F2}
	EndGlobalSection
EndGlobal
