
Microsoft Visual Studio Solution File, Format Version 12.00
# Visual Studio Version 16
VisualStudioVersion = 16.0.29009.5
MinimumVisualStudioVersion = 10.0.40219.1
Project("{FAE04EC0-301F-11D3-BF4B-00C04F79EFBC}") = "14_BuildingBetterCalculator", "14_BuildingBetterCalculator.csproj", "{272E9410-BAFD-4EFD-B4E3-401B8958EF9F}"
EndProject
Global
	GlobalSection(SolutionConfigurationPlatforms) = preSolution
		Debug|Any CPU = Debug|Any CPU
		Release|Any CPU = Release|Any CPU
	EndGlobalSection
	GlobalSection(ProjectConfigurationPlatforms) = postSolution
		{272E9410-BAFD-4EFD-B4E3-401B8958EF9F}.Debug|Any CPU.ActiveCfg = Debug|Any CPU
		{272E9410-BAFD-4EFD-B4E3-401B8958EF9F}.Debug|Any CPU.Build.0 = Debug|Any CPU
		{272E9410-BAFD-4EFD-B4E3-401B8958EF9F}.Release|Any CPU.ActiveCfg = Release|Any CPU
		{272E9410-BAFD-4EFD-B4E3-401B8958EF9F}.Release|Any CPU.Build.0 = Release|Any CPU
	EndGlobalSection
	GlobalSection(SolutionProperties) = preSolution
		HideSolutionNode = FALSE
	EndGlobalSection
	GlobalSection(ExtensibilityGlobals) = postSolution
		SolutionGuid = {91159CF7-E45A-4FD0-AD6D-5C6CACD37EC4}
	EndGlobalSection
EndGlobal
