
Microsoft Visual Studio Solution File, Format Version 12.00
# Visual Studio Version 16
VisualStudioVersion = 16.0.29009.5
MinimumVisualStudioVersion = 10.0.40219.1
Project("{FAE04EC0-301F-11D3-BF4B-00C04F79EFBC}") = "05_WorkingWithNumbers", "05_WorkingWithNumbers.csproj", "{FF7F76DE-314B-42C0-836E-3BB369ED4C38}"
EndProject
Global
	GlobalSection(SolutionConfigurationPlatforms) = preSolution
		Debug|Any CPU = Debug|Any CPU
		Release|Any CPU = Release|Any CPU
	EndGlobalSection
	GlobalSection(ProjectConfigurationPlatforms) = postSolution
		{FF7F76DE-314B-42C0-836E-3BB369ED4C38}.Debug|Any CPU.ActiveCfg = Debug|Any CPU
		{FF7F76DE-314B-42C0-836E-3BB369ED4C38}.Debug|Any CPU.Build.0 = Debug|Any CPU
		{FF7F76DE-314B-42C0-836E-3BB369ED4C38}.Release|Any CPU.ActiveCfg = Release|Any CPU
		{FF7F76DE-314B-42C0-836E-3BB369ED4C38}.Release|Any CPU.Build.0 = Release|Any CPU
	EndGlobalSection
	GlobalSection(SolutionProperties) = preSolution
		HideSolutionNode = FALSE
	EndGlobalSection
	GlobalSection(ExtensibilityGlobals) = postSolution
		SolutionGuid = {77F45AB0-9E30-4E39-820A-64AED4601332}
	EndGlobalSection
EndGlobal
