
Microsoft Visual Studio Solution File, Format Version 12.00
# Visual Studio Version 16
VisualStudioVersion = 16.0.29009.5
MinimumVisualStudioVersion = 10.0.40219.1
Project("{FAE04EC0-301F-11D3-BF4B-00C04F79EFBC}") = "08_MadLibsGame", "08_MadLibsGame.csproj", "{EAA2FD0E-61CD-494A-ABE9-56E509991D6A}"
EndProject
Global
	GlobalSection(SolutionConfigurationPlatforms) = preSolution
		Debug|Any CPU = Debug|Any CPU
		Release|Any CPU = Release|Any CPU
	EndGlobalSection
	GlobalSection(ProjectConfigurationPlatforms) = postSolution
		{EAA2FD0E-61CD-494A-ABE9-56E509991D6A}.Debug|Any CPU.ActiveCfg = Debug|Any CPU
		{EAA2FD0E-61CD-494A-ABE9-56E509991D6A}.Debug|Any CPU.Build.0 = Debug|Any CPU
		{EAA2FD0E-61CD-494A-ABE9-56E509991D6A}.Release|Any CPU.ActiveCfg = Release|Any CPU
		{EAA2FD0E-61CD-494A-ABE9-56E509991D6A}.Release|Any CPU.Build.0 = Release|Any CPU
	EndGlobalSection
	GlobalSection(SolutionProperties) = preSolution
		HideSolutionNode = FALSE
	EndGlobalSection
	GlobalSection(ExtensibilityGlobals) = postSolution
		SolutionGuid = {1A25505E-BA13-418D-9685-6741375137C4}
	EndGlobalSection
EndGlobal
