
Microsoft Visual Studio Solution File, Format Version 12.00
# Visual Studio Version 16
VisualStudioVersion = 16.0.29009.5
MinimumVisualStudioVersion = 10.0.40219.1
Project("{FAE04EC0-301F-11D3-BF4B-00C04F79EFBC}") = "10_Methods", "10_Methods.csproj", "{14611750-1016-4359-8838-ED6C99720BC9}"
EndProject
Global
	GlobalSection(SolutionConfigurationPlatforms) = preSolution
		Debug|Any CPU = Debug|Any CPU
		Release|Any CPU = Release|Any CPU
	EndGlobalSection
	GlobalSection(ProjectConfigurationPlatforms) = postSolution
		{14611750-1016-4359-8838-ED6C99720BC9}.Debug|Any CPU.ActiveCfg = Debug|Any CPU
		{14611750-1016-4359-8838-ED6C99720BC9}.Debug|Any CPU.Build.0 = Debug|Any CPU
		{14611750-1016-4359-8838-ED6C99720BC9}.Release|Any CPU.ActiveCfg = Release|Any CPU
		{14611750-1016-4359-8838-ED6C99720BC9}.Release|Any CPU.Build.0 = Release|Any CPU
	EndGlobalSection
	GlobalSection(SolutionProperties) = preSolution
		HideSolutionNode = FALSE
	EndGlobalSection
	GlobalSection(ExtensibilityGlobals) = postSolution
		SolutionGuid = {65BE476E-32AF-4FDE-A413-457565EDC69B}
	EndGlobalSection
EndGlobal
